
Microsoft Visual Studio Solution File, Format Version 12.00
# Visual Studio 14
VisualStudioVersion = 14.0.25420.1
MinimumVisualStudioVersion = 10.0.40219.1
Project("{FAE04EC0-301F-11D3-BF4B-00C04F79EFBC}") = "Epichurco.Benj8RIDES", "Benj8RIDES\Epichurco.Benj8RIDES.csproj", "{C15541C0-0B30-431D-84F1-0E7DEEA375D1}"
EndProject
Project("{FAE04EC0-301F-11D3-BF4B-00C04F79EFBC}") = "Test", "Test\Test.csproj", "{CD19E5CB-CFF1-42E9-A053-9205C4B3AFE1}"
EndProject
Project("{FAE04EC0-301F-11D3-BF4B-00C04F79EFBC}") = "Test1", "Test1\Test1.csproj", "{EE9E6675-E078-44C7-ABA0-1C92B4D04F7A}"
EndProject
Project("{FAE04EC0-301F-11D3-BF4B-00C04F79EFBC}") = "TestBenj8", "TestBenj8\TestBenj8.csproj", "{B8F3F2B8-6CB5-4A13-BFA6-66D8A3ED17A3}"
EndProject
Global
	GlobalSection(SolutionConfigurationPlatforms) = preSolution
		Debug|Any CPU = Debug|Any CPU
		Debug|x86 = Debug|x86
		Release|Any CPU = Release|Any CPU
		Release|x86 = Release|x86
	EndGlobalSection
	GlobalSection(ProjectConfigurationPlatforms) = postSolution
		{C15541C0-0B30-431D-84F1-0E7DEEA375D1}.Debug|Any CPU.ActiveCfg = Debug|Any CPU
		{C15541C0-0B30-431D-84F1-0E7DEEA375D1}.Debug|Any CPU.Build.0 = Debug|Any CPU
		{C15541C0-0B30-431D-84F1-0E7DEEA375D1}.Debug|x86.ActiveCfg = Debug|Any CPU
		{C15541C0-0B30-431D-84F1-0E7DEEA375D1}.Debug|x86.Build.0 = Debug|Any CPU
		{C15541C0-0B30-431D-84F1-0E7DEEA375D1}.Release|Any CPU.ActiveCfg = Release|Any CPU
		{C15541C0-0B30-431D-84F1-0E7DEEA375D1}.Release|Any CPU.Build.0 = Release|Any CPU
		{C15541C0-0B30-431D-84F1-0E7DEEA375D1}.Release|x86.ActiveCfg = Release|Any CPU
		{C15541C0-0B30-431D-84F1-0E7DEEA375D1}.Release|x86.Build.0 = Release|Any CPU
		{CD19E5CB-CFF1-42E9-A053-9205C4B3AFE1}.Debug|Any CPU.ActiveCfg = Debug|Any CPU
		{CD19E5CB-CFF1-42E9-A053-9205C4B3AFE1}.Debug|Any CPU.Build.0 = Debug|Any CPU
		{CD19E5CB-CFF1-42E9-A053-9205C4B3AFE1}.Debug|x86.ActiveCfg = Debug|Any CPU
		{CD19E5CB-CFF1-42E9-A053-9205C4B3AFE1}.Debug|x86.Build.0 = Debug|Any CPU
		{CD19E5CB-CFF1-42E9-A053-9205C4B3AFE1}.Release|Any CPU.ActiveCfg = Release|Any CPU
		{CD19E5CB-CFF1-42E9-A053-9205C4B3AFE1}.Release|Any CPU.Build.0 = Release|Any CPU
		{CD19E5CB-CFF1-42E9-A053-9205C4B3AFE1}.Release|x86.ActiveCfg = Release|Any CPU
		{CD19E5CB-CFF1-42E9-A053-9205C4B3AFE1}.Release|x86.Build.0 = Release|Any CPU
		{EE9E6675-E078-44C7-ABA0-1C92B4D04F7A}.Debug|Any CPU.ActiveCfg = Debug|Any CPU
		{EE9E6675-E078-44C7-ABA0-1C92B4D04F7A}.Debug|Any CPU.Build.0 = Debug|Any CPU
		{EE9E6675-E078-44C7-ABA0-1C92B4D04F7A}.Debug|x86.ActiveCfg = Debug|Any CPU
		{EE9E6675-E078-44C7-ABA0-1C92B4D04F7A}.Debug|x86.Build.0 = Debug|Any CPU
		{EE9E6675-E078-44C7-ABA0-1C92B4D04F7A}.Release|Any CPU.ActiveCfg = Release|Any CPU
		{EE9E6675-E078-44C7-ABA0-1C92B4D04F7A}.Release|Any CPU.Build.0 = Release|Any CPU
		{EE9E6675-E078-44C7-ABA0-1C92B4D04F7A}.Release|x86.ActiveCfg = Release|Any CPU
		{EE9E6675-E078-44C7-ABA0-1C92B4D04F7A}.Release|x86.Build.0 = Release|Any CPU
		{B8F3F2B8-6CB5-4A13-BFA6-66D8A3ED17A3}.Debug|Any CPU.ActiveCfg = Debug|Any CPU
		{B8F3F2B8-6CB5-4A13-BFA6-66D8A3ED17A3}.Debug|Any CPU.Build.0 = Debug|Any CPU
		{B8F3F2B8-6CB5-4A13-BFA6-66D8A3ED17A3}.Debug|x86.ActiveCfg = Debug|Any CPU
		{B8F3F2B8-6CB5-4A13-BFA6-66D8A3ED17A3}.Debug|x86.Build.0 = Debug|Any CPU
		{B8F3F2B8-6CB5-4A13-BFA6-66D8A3ED17A3}.Release|Any CPU.ActiveCfg = Release|Any CPU
		{B8F3F2B8-6CB5-4A13-BFA6-66D8A3ED17A3}.Release|Any CPU.Build.0 = Release|Any CPU
		{B8F3F2B8-6CB5-4A13-BFA6-66D8A3ED17A3}.Release|x86.ActiveCfg = Release|Any CPU
		{B8F3F2B8-6CB5-4A13-BFA6-66D8A3ED17A3}.Release|x86.Build.0 = Release|Any CPU
	EndGlobalSection
	GlobalSection(SolutionProperties) = preSolution
		HideSolutionNode = FALSE
	EndGlobalSection
	GlobalSection(ExtensibilityGlobals) = postSolution
		SolutionGuid = {12F47D81-9893-42BD-BA19-904332D55397}
	EndGlobalSection
EndGlobal
